
Microsoft Visual Studio Solution File, Format Version 12.00
# Visual Studio Version 16
VisualStudioVersion = 16.0.29613.14
MinimumVisualStudioVersion = 10.0.40219.1
Project("{9A19103F-16F7-4668-BE54-9A1E7A4F7556}") = "CodingTest", "CodingTest\CodingTest.csproj", "{A2D39F8E-502A-46BA-9008-353EB71FE5BE}"
EndProject
Project("{FAE04EC0-301F-11D3-BF4B-00C04F79EFBC}") = "NUnitCodingTest", "NUnitCodingTest\NUnitCodingTest.csproj", "{23957D9D-2CDA-40FE-9BEE-DBF7DC32E9D1}"
EndProject
Global
	GlobalSection(SolutionConfigurationPlatforms) = preSolution
		Debug|Any CPU = Debug|Any CPU
		Release|Any CPU = Release|Any CPU
	EndGlobalSection
	GlobalSection(ProjectConfigurationPlatforms) = postSolution
		{A2D39F8E-502A-46BA-9008-353EB71FE5BE}.Debug|Any CPU.ActiveCfg = Debug|Any CPU
		{A2D39F8E-502A-46BA-9008-353EB71FE5BE}.Debug|Any CPU.Build.0 = Debug|Any CPU
		{A2D39F8E-502A-46BA-9008-353EB71FE5BE}.Release|Any CPU.ActiveCfg = Release|Any CPU
		{A2D39F8E-502A-46BA-9008-353EB71FE5BE}.Release|Any CPU.Build.0 = Release|Any CPU
		{23957D9D-2CDA-40FE-9BEE-DBF7DC32E9D1}.Debug|Any CPU.ActiveCfg = Debug|Any CPU
		{23957D9D-2CDA-40FE-9BEE-DBF7DC32E9D1}.Debug|Any CPU.Build.0 = Debug|Any CPU
		{23957D9D-2CDA-40FE-9BEE-DBF7DC32E9D1}.Release|Any CPU.ActiveCfg = Release|Any CPU
		{23957D9D-2CDA-40FE-9BEE-DBF7DC32E9D1}.Release|Any CPU.Build.0 = Release|Any CPU
	EndGlobalSection
	GlobalSection(SolutionProperties) = preSolution
		HideSolutionNode = FALSE
	EndGlobalSection
	GlobalSection(ExtensibilityGlobals) = postSolution
		SolutionGuid = {429EAB0C-8375-4A6E-974C-F7C2C6D62F4D}
	EndGlobalSection
EndGlobal
